
Microsoft Visual Studio Solution File, Format Version 12.00
# Visual Studio Version 16
VisualStudioVersion = 16.0.31729.503
MinimumVisualStudioVersion = 10.0.40219.1
Project("{8BC9CEB8-8B4A-11D0-8D11-00A0C91BC942}") = "01-VulkanDemo", "01-VulkanDemo\01-VulkanDemo.vcxproj", "{BCEBA241-6629-4E3F-8576-06141519B27D}"
EndProject
Project("{8BC9CEB8-8B4A-11D0-8D11-00A0C91BC942}") = "02-VulkanFirstFramework", "02-VulkanFirstFramework\02-VulkanFirstFramework.vcxproj", "{4B689DAA-3DA1-41FD-AB3D-738110BEC851}"
EndProject
Project("{8BC9CEB8-8B4A-11D0-8D11-00A0C91BC942}") = "03-VulkanTutorial", "03-VulkanTutorial\03-VulkanTutorial.vcxproj", "{BBE33CA1-A9BB-419F-811C-D6D59A0D624D}"
EndProject
Project("{8BC9CEB8-8B4A-11D0-8D11-00A0C91BC942}") = "05-VulkanTutorial-PhysicsDevice", "05-VulkanTutorial-PhysicsDevice\05-VulkanTutorial-PhysicsDevice.vcxproj", "{A6B85CEB-BDBA-497D-9E5F-A8DF7CD4121E}"
EndProject
Project("{8BC9CEB8-8B4A-11D0-8D11-00A0C91BC942}") = "06-VulkanTutorial-LogicDevice", "06-VulkanTutorial-LogicDeviceQueue\06-VulkanTutorial-LogicDeviceQueue.vcxproj", "{63773C99-9D3E-48A3-875C-C57387C1D2B2}"
EndProject
Project("{8BC9CEB8-8B4A-11D0-8D11-00A0C91BC942}") = "07-VulkanTutorial-WindowSurface", "07-VulkanTutorial-WindowSurface\07-VulkanTutorial-WindowSurface.vcxproj", "{6009CD29-76C1-4377-82E1-05A666176596}"
EndProject
Project("{8BC9CEB8-8B4A-11D0-8D11-00A0C91BC942}") = "08-VulkanTutorial-FirstGraphicsDemo", "08-VulkanTutorial-FirstGraphicsDemo\08-VulkanTutorial-FirstGraphicsDemo.vcxproj", "{43561AB6-4305-4B09-BE2A-3AAA672A890B}"
EndProject
Project("{8BC9CEB8-8B4A-11D0-8D11-00A0C91BC942}") = "LittleVulkanEngine", "LittleVulkanEngine\LittleVulkanEngine.vcxproj", "{E5D0C7B2-2564-48AD-ACC1-E5D3185546B3}"
EndProject
Global
	GlobalSection(SolutionConfigurationPlatforms) = preSolution
		Debug|x64 = Debug|x64
		Debug|x86 = Debug|x86
		Release|x64 = Release|x64
		Release|x86 = Release|x86
	EndGlobalSection
	GlobalSection(ProjectConfigurationPlatforms) = postSolution
		{BCEBA241-6629-4E3F-8576-06141519B27D}.Debug|x64.ActiveCfg = Debug|x64
		{BCEBA241-6629-4E3F-8576-06141519B27D}.Debug|x64.Build.0 = Debug|x64
		{BCEBA241-6629-4E3F-8576-06141519B27D}.Debug|x86.ActiveCfg = Debug|Win32
		{BCEBA241-6629-4E3F-8576-06141519B27D}.Debug|x86.Build.0 = Debug|Win32
		{BCEBA241-6629-4E3F-8576-06141519B27D}.Release|x64.ActiveCfg = Release|x64
		{BCEBA241-6629-4E3F-8576-06141519B27D}.Release|x64.Build.0 = Release|x64
		{BCEBA241-6629-4E3F-8576-06141519B27D}.Release|x86.ActiveCfg = Release|Win32
		{BCEBA241-6629-4E3F-8576-06141519B27D}.Release|x86.Build.0 = Release|Win32
		{4B689DAA-3DA1-41FD-AB3D-738110BEC851}.Debug|x64.ActiveCfg = Debug|x64
		{4B689DAA-3DA1-41FD-AB3D-738110BEC851}.Debug|x64.Build.0 = Debug|x64
		{4B689DAA-3DA1-41FD-AB3D-738110BEC851}.Debug|x86.ActiveCfg = Debug|Win32
		{4B689DAA-3DA1-41FD-AB3D-738110BEC851}.Debug|x86.Build.0 = Debug|Win32
		{4B689DAA-3DA1-41FD-AB3D-738110BEC851}.Release|x64.ActiveCfg = Release|x64
		{4B689DAA-3DA1-41FD-AB3D-738110BEC851}.Release|x64.Build.0 = Release|x64
		{4B689DAA-3DA1-41FD-AB3D-738110BEC851}.Release|x86.ActiveCfg = Release|Win32
		{4B689DAA-3DA1-41FD-AB3D-738110BEC851}.Release|x86.Build.0 = Release|Win32
		{BBE33CA1-A9BB-419F-811C-D6D59A0D624D}.Debug|x64.ActiveCfg = Debug|x64
		{BBE33CA1-A9BB-419F-811C-D6D59A0D624D}.Debug|x64.Build.0 = Debug|x64
		{BBE33CA1-A9BB-419F-811C-D6D59A0D624D}.Debug|x86.ActiveCfg = Debug|Win32
		{BBE33CA1-A9BB-419F-811C-D6D59A0D624D}.Debug|x86.Build.0 = Debug|Win32
		{BBE33CA1-A9BB-419F-811C-D6D59A0D624D}.Release|x64.ActiveCfg = Release|x64
		{BBE33CA1-A9BB-419F-811C-D6D59A0D624D}.Release|x64.Build.0 = Release|x64
		{BBE33CA1-A9BB-419F-811C-D6D59A0D624D}.Release|x86.ActiveCfg = Release|Win32
		{BBE33CA1-A9BB-419F-811C-D6D59A0D624D}.Release|x86.Build.0 = Release|Win32
		{A6B85CEB-BDBA-497D-9E5F-A8DF7CD4121E}.Debug|x64.ActiveCfg = Debug|x64
		{A6B85CEB-BDBA-497D-9E5F-A8DF7CD4121E}.Debug|x64.Build.0 = Debug|x64
		{A6B85CEB-BDBA-497D-9E5F-A8DF7CD4121E}.Debug|x86.ActiveCfg = Debug|Win32
		{A6B85CEB-BDBA-497D-9E5F-A8DF7CD4121E}.Debug|x86.Build.0 = Debug|Win32
		{A6B85CEB-BDBA-497D-9E5F-A8DF7CD4121E}.Release|x64.ActiveCfg = Release|x64
		{A6B85CEB-BDBA-497D-9E5F-A8DF7CD4121E}.Release|x64.Build.0 = Release|x64
		{A6B85CEB-BDBA-497D-9E5F-A8DF7CD4121E}.Release|x86.ActiveCfg = Release|Win32
		{A6B85CEB-BDBA-497D-9E5F-A8DF7CD4121E}.Release|x86.Build.0 = Release|Win32
		{63773C99-9D3E-48A3-875C-C57387C1D2B2}.Debug|x64.ActiveCfg = Debug|x64
		{63773C99-9D3E-48A3-875C-C57387C1D2B2}.Debug|x64.Build.0 = Debug|x64
		{63773C99-9D3E-48A3-875C-C57387C1D2B2}.Debug|x86.ActiveCfg = Debug|Win32
		{63773C99-9D3E-48A3-875C-C57387C1D2B2}.Debug|x86.Build.0 = Debug|Win32
		{63773C99-9D3E-48A3-875C-C57387C1D2B2}.Release|x64.ActiveCfg = Release|x64
		{63773C99-9D3E-48A3-875C-C57387C1D2B2}.Release|x64.Build.0 = Release|x64
		{63773C99-9D3E-48A3-875C-C57387C1D2B2}.Release|x86.ActiveCfg = Release|Win32
		{63773C99-9D3E-48A3-875C-C57387C1D2B2}.Release|x86.Build.0 = Release|Win32
		{6009CD29-76C1-4377-82E1-05A666176596}.Debug|x64.ActiveCfg = Debug|x64
		{6009CD29-76C1-4377-82E1-05A666176596}.Debug|x64.Build.0 = Debug|x64
		{6009CD29-76C1-4377-82E1-05A666176596}.Debug|x86.ActiveCfg = Debug|Win32
		{6009CD29-76C1-4377-82E1-05A666176596}.Debug|x86.Build.0 = Debug|Win32
		{6009CD29-76C1-4377-82E1-05A666176596}.Release|x64.ActiveCfg = Release|x64
		{6009CD29-76C1-4377-82E1-05A666176596}.Release|x64.Build.0 = Release|x64
		{6009CD29-76C1-4377-82E1-05A666176596}.Release|x86.ActiveCfg = Release|Win32
		{6009CD29-76C1-4377-82E1-05A666176596}.Release|x86.Build.0 = Release|Win32
		{43561AB6-4305-4B09-BE2A-3AAA672A890B}.Debug|x64.ActiveCfg = Debug|x64
		{43561AB6-4305-4B09-BE2A-3AAA672A890B}.Debug|x64.Build.0 = Debug|x64
		{43561AB6-4305-4B09-BE2A-3AAA672A890B}.Debug|x86.ActiveCfg = Debug|Win32
		{43561AB6-4305-4B09-BE2A-3AAA672A890B}.Debug|x86.Build.0 = Debug|Win32
		{43561AB6-4305-4B09-BE2A-3AAA672A890B}.Release|x64.ActiveCfg = Release|x64
		{43561AB6-4305-4B09-BE2A-3AAA672A890B}.Release|x64.Build.0 = Release|x64
		{43561AB6-4305-4B09-BE2A-3AAA672A890B}.Release|x86.ActiveCfg = Release|Win32
		{43561AB6-4305-4B09-BE2A-3AAA672A890B}.Release|x86.Build.0 = Release|Win32
		{E5D0C7B2-2564-48AD-ACC1-E5D3185546B3}.Debug|x64.ActiveCfg = Debug|x64
		{E5D0C7B2-2564-48AD-ACC1-E5D3185546B3}.Debug|x64.Build.0 = Debug|x64
		{E5D0C7B2-2564-48AD-ACC1-E5D3185546B3}.Debug|x86.ActiveCfg = Debug|Win32
		{E5D0C7B2-2564-48AD-ACC1-E5D3185546B3}.Debug|x86.Build.0 = Debug|Win32
		{E5D0C7B2-2564-48AD-ACC1-E5D3185546B3}.Release|x64.ActiveCfg = Release|x64
		{E5D0C7B2-2564-48AD-ACC1-E5D3185546B3}.Release|x64.Build.0 = Release|x64
		{E5D0C7B2-2564-48AD-ACC1-E5D3185546B3}.Release|x86.ActiveCfg = Release|Win32
		{E5D0C7B2-2564-48AD-ACC1-E5D3185546B3}.Release|x86.Build.0 = Release|Win32
	EndGlobalSection
	GlobalSection(SolutionProperties) = preSolution
		HideSolutionNode = FALSE
	EndGlobalSection
	GlobalSection(ExtensibilityGlobals) = postSolution
		SolutionGuid = {2A185012-2671-44AB-A1A5-36D50F7E1F97}
	EndGlobalSection
EndGlobal
