<?xml version="1.0" encoding="utf-8"?>
<Project ToolsVersion="4.0" xmlns="http://schemas.microsoft.com/developer/msbuild/2003">
  <ItemGroup>
    <Filter Include="源文件">
      <UniqueIdentifier>{4FC737F1-C7A5-4376-A066-2A32D752A2FF}</UniqueIdentifier>
      <Extensions>cpp;c;cc;cxx;c++;cppm;ixx;def;odl;idl;hpj;bat;asm;asmx</Extensions>
    </Filter>
    <Filter Include="头文件">
      <UniqueIdentifier>{93995380-89BD-4b04-88EB-625FBE52EBFB}</UniqueIdentifier>
      <Extensions>h;hh;hpp;hxx;h++;hm;inl;inc;ipp;xsd</Extensions>
    </Filter>
    <Filter Include="资源文件">
      <UniqueIdentifier>{67DA6AB6-F800-4c08-8B7A-83BB121AAD01}</UniqueIdentifier>
      <Extensions>rc;ico;cur;bmp;dlg;rc2;rct;bin;rgs;gif;jpg;jpeg;jpe;resx;tiff;tif;png;wav;mfcribbon-ms</Extensions>
    </Filter>
  </ItemGroup>
  <ItemGroup>
    <ClCompile Include="main.cpp">
      <Filter>源文件</Filter>
    </ClCompile>
    <ClCompile Include="Core\LitWindow.cpp">
      <Filter>源文件</Filter>
    </ClCompile>
    <ClCompile Include="Core\LitApp.cpp">
      <Filter>源文件</Filter>
    </ClCompile>
    <ClCompile Include="Core\LitDevice.cpp">
      <Filter>源文件</Filter>
    </ClCompile>
    <ClCompile Include="Core\LitPipeline.cpp">
      <Filter>源文件</Filter>
    </ClCompile>
    <ClCompile Include="Core\LitSwapChain.cpp">
      <Filter>源文件</Filter>
    </ClCompile>
    <ClCompile Include="Core\LitModel.cpp">
      <Filter>源文件</Filter>
    </ClCompile>
    <ClCompile Include="Core\LitRenderer.cpp">
      <Filter>源文件</Filter>
    </ClCompile>
    <ClCompile Include="System\simple_render_system.cpp">
      <Filter>源文件</Filter>
    </ClCompile>
    <ClCompile Include="External\imgui\imgui_tables.cpp">
      <Filter>源文件</Filter>
    </ClCompile>
    <ClCompile Include="External\imgui\imgui_widgets.cpp">
      <Filter>源文件</Filter>
    </ClCompile>
    <ClCompile Include="External\imgui\imgui.cpp">
      <Filter>源文件</Filter>
    </ClCompile>
    <ClCompile Include="External\imgui\imgui_demo.cpp">
      <Filter>源文件</Filter>
    </ClCompile>
    <ClCompile Include="External\imgui\imgui_draw.cpp">
      <Filter>源文件</Filter>
    </ClCompile>
    <ClCompile Include="External\imgui\imgui_impl_glfw.cpp">
      <Filter>源文件</Filter>
    </ClCompile>
    <ClCompile Include="External\imgui\imgui_impl_vulkan.cpp">
      <Filter>源文件</Filter>
    </ClCompile>
    <ClCompile Include="ImGui\LitImGui.cpp">
      <Filter>源文件</Filter>
    </ClCompile>
    <ClCompile Include="Core\LitCamera.cpp">
      <Filter>源文件</Filter>
    </ClCompile>
    <ClCompile Include="System\InputSystem.cpp">
      <Filter>源文件</Filter>
    </ClCompile>
  </ItemGroup>
  <ItemGroup>
    <ClInclude Include="Core\LitWindow.h">
      <Filter>源文件</Filter>
    </ClInclude>
    <ClInclude Include="Core\LitApp.h">
      <Filter>头文件</Filter>
    </ClInclude>
    <ClInclude Include="Core\LitDevice.h">
      <Filter>头文件</Filter>
    </ClInclude>
    <ClInclude Include="Core\LitPipeline.h">
      <Filter>头文件</Filter>
    </ClInclude>
    <ClInclude Include="Core\LitSwapChain.h">
      <Filter>头文件</Filter>
    </ClInclude>
    <ClInclude Include="Core\LitPipelineUtils.h">
      <Filter>头文件</Filter>
    </ClInclude>
    <ClInclude Include="Core\LitModel.h">
      <Filter>头文件</Filter>
    </ClInclude>
    <ClInclude Include="Core\LitComponent.h">
      <Filter>头文件</Filter>
    </ClInclude>
    <ClInclude Include="Core\LitGameObject.h">
      <Filter>头文件</Filter>
    </ClInclude>
    <ClInclude Include="Core\LitRenderer.h">
      <Filter>头文件</Filter>
    </ClInclude>
    <ClInclude Include="System\simple_render_system.h">
      <Filter>头文件</Filter>
    </ClInclude>
    <ClInclude Include="External\imgui\imstb_rectpack.h">
      <Filter>头文件</Filter>
    </ClInclude>
    <ClInclude Include="External\imgui\imstb_textedit.h">
      <Filter>头文件</Filter>
    </ClInclude>
    <ClInclude Include="External\imgui\imstb_truetype.h">
      <Filter>头文件</Filter>
    </ClInclude>
    <ClInclude Include="External\imgui\imconfig.h">
      <Filter>头文件</Filter>
    </ClInclude>
    <ClInclude Include="External\imgui\imgui.h">
      <Filter>头文件</Filter>
    </ClInclude>
    <ClInclude Include="External\imgui\imgui_impl_glfw.h">
      <Filter>头文件</Filter>
    </ClInclude>
    <ClInclude Include="External\imgui\imgui_impl_vulkan.h">
      <Filter>头文件</Filter>
    </ClInclude>
    <ClInclude Include="External\imgui\imgui_internal.h">
      <Filter>头文件</Filter>
    </ClInclude>
    <ClInclude Include="ImGui\LitImGui.h">
      <Filter>头文件</Filter>
    </ClInclude>
    <ClInclude Include="Core\LitCamera.h">
      <Filter>头文件</Filter>
    </ClInclude>
    <ClInclude Include="System\InputSystem.h">
      <Filter>头文件</Filter>
    </ClInclude>
  </ItemGroup>
</Project>